
Microsoft Visual Studio Solution File, Format Version 12.00
# Visual Studio Version 17
VisualStudioVersion = 17.6.33712.159
MinimumVisualStudioVersion = 10.0.40219.1
Project("{FAE04EC0-301F-11D3-BF4B-00C04F79EFBC}") = "Projekat", "Projekat.csproj", "{CC704205-8BF8-461D-99A1-10D514E02ECF}"
EndProject
Global
	GlobalSection(SolutionConfigurationPlatforms) = preSolution
		Debug|Any CPU = Debug|Any CPU
		Release|Any CPU = Release|Any CPU
	EndGlobalSection
	GlobalSection(ProjectConfigurationPlatforms) = postSolution
		{CC704205-8BF8-461D-99A1-10D514E02ECF}.Debug|Any CPU.ActiveCfg = Debug|Any CPU
		{CC704205-8BF8-461D-99A1-10D514E02ECF}.Debug|Any CPU.Build.0 = Debug|Any CPU
		{CC704205-8BF8-461D-99A1-10D514E02ECF}.Release|Any CPU.ActiveCfg = Release|Any CPU
		{CC704205-8BF8-461D-99A1-10D514E02ECF}.Release|Any CPU.Build.0 = Release|Any CPU
	EndGlobalSection
	GlobalSection(SolutionProperties) = preSolution
		HideSolutionNode = FALSE
	EndGlobalSection
	GlobalSection(ExtensibilityGlobals) = postSolution
		SolutionGuid = {B2874BAE-84AD-41B2-809C-723A122ED058}
	EndGlobalSection
EndGlobal
